
Microsoft Visual Studio Solution File, Format Version 12.00
# Visual Studio Version 17
VisualStudioVersion = 17.14.36327.8 d17.14
MinimumVisualStudioVersion = 10.0.40219.1
Project("{FAE04EC0-301F-11D3-BF4B-00C04F79EFBC}") = "Ejemplo Controles", "Ejemplo Controles\Ejemplo Controles.csproj", "{76C91EDB-387B-45DF-A38E-1EB145694DBA}"
EndProject
Global
	GlobalSection(SolutionConfigurationPlatforms) = preSolution
		Debug|Any CPU = Debug|Any CPU
		Release|Any CPU = Release|Any CPU
	EndGlobalSection
	GlobalSection(ProjectConfigurationPlatforms) = postSolution
		{76C91EDB-387B-45DF-A38E-1EB145694DBA}.Debug|Any CPU.ActiveCfg = Debug|Any CPU
		{76C91EDB-387B-45DF-A38E-1EB145694DBA}.Debug|Any CPU.Build.0 = Debug|Any CPU
		{76C91EDB-387B-45DF-A38E-1EB145694DBA}.Release|Any CPU.ActiveCfg = Release|Any CPU
		{76C91EDB-387B-45DF-A38E-1EB145694DBA}.Release|Any CPU.Build.0 = Release|Any CPU
	EndGlobalSection
	GlobalSection(SolutionProperties) = preSolution
		HideSolutionNode = FALSE
	EndGlobalSection
	GlobalSection(ExtensibilityGlobals) = postSolution
		SolutionGuid = {1030A546-6E77-42C3-AA3E-A396FC30C200}
	EndGlobalSection
EndGlobal
