
Microsoft Visual Studio Solution File, Format Version 12.00
# Visual Studio Version 17
VisualStudioVersion = 17.14.36327.8 d17.14
MinimumVisualStudioVersion = 10.0.40219.1
Project("{FAE04EC0-301F-11D3-BF4B-00C04F79EFBC}") = "Ejemplo Date", "Ejemplo Date\Ejemplo Date.csproj", "{49DFAEA8-BD5B-4DDF-8D7E-09C300212333}"
EndProject
Global
	GlobalSection(SolutionConfigurationPlatforms) = preSolution
		Debug|Any CPU = Debug|Any CPU
		Release|Any CPU = Release|Any CPU
	EndGlobalSection
	GlobalSection(ProjectConfigurationPlatforms) = postSolution
		{49DFAEA8-BD5B-4DDF-8D7E-09C300212333}.Debug|Any CPU.ActiveCfg = Debug|Any CPU
		{49DFAEA8-BD5B-4DDF-8D7E-09C300212333}.Debug|Any CPU.Build.0 = Debug|Any CPU
		{49DFAEA8-BD5B-4DDF-8D7E-09C300212333}.Release|Any CPU.ActiveCfg = Release|Any CPU
		{49DFAEA8-BD5B-4DDF-8D7E-09C300212333}.Release|Any CPU.Build.0 = Release|Any CPU
	EndGlobalSection
	GlobalSection(SolutionProperties) = preSolution
		HideSolutionNode = FALSE
	EndGlobalSection
	GlobalSection(ExtensibilityGlobals) = postSolution
		SolutionGuid = {D5A8B994-2D64-4ED2-8E92-1AF6AFA73578}
	EndGlobalSection
EndGlobal
