
Microsoft Visual Studio Solution File, Format Version 12.00
# Visual Studio Version 17
VisualStudioVersion = 17.14.36327.8 d17.14
MinimumVisualStudioVersion = 10.0.40219.1
Project("{FAE04EC0-301F-11D3-BF4B-00C04F79EFBC}") = "Primera Solución WinForm", "Primera Solución WinForm\Primera Solución WinForm.csproj", "{A1658E8E-0F5E-4005-AC8B-3AFF0737DBA8}"
EndProject
Global
	GlobalSection(SolutionConfigurationPlatforms) = preSolution
		Debug|Any CPU = Debug|Any CPU
		Release|Any CPU = Release|Any CPU
	EndGlobalSection
	GlobalSection(ProjectConfigurationPlatforms) = postSolution
		{A1658E8E-0F5E-4005-AC8B-3AFF0737DBA8}.Debug|Any CPU.ActiveCfg = Debug|Any CPU
		{A1658E8E-0F5E-4005-AC8B-3AFF0737DBA8}.Debug|Any CPU.Build.0 = Debug|Any CPU
		{A1658E8E-0F5E-4005-AC8B-3AFF0737DBA8}.Release|Any CPU.ActiveCfg = Release|Any CPU
		{A1658E8E-0F5E-4005-AC8B-3AFF0737DBA8}.Release|Any CPU.Build.0 = Release|Any CPU
	EndGlobalSection
	GlobalSection(SolutionProperties) = preSolution
		HideSolutionNode = FALSE
	EndGlobalSection
	GlobalSection(ExtensibilityGlobals) = postSolution
		SolutionGuid = {575F7038-7C75-4657-9B63-D048476B70DD}
	EndGlobalSection
EndGlobal
